{
  "name": "monorepo-beginners",
  "version": "1.0.0",
  "lockfileVersion": 3,
  "requires": true,
  "packages": {
    "": {
      "name": "monorepo-beginners",
      "version": "1.0.0",
      "license": "MIT",
      "workspaces": [
        "packages/*"
      ]
    },
    "node_modules/@monorepo-beginners/module-b": {
      "version": "1.1.0",
      "resolved": "https://registry.npmjs.org/@monorepo-beginners/module-b/-/module-b-1.1.0.tgz",
      "integrity": "sha512-1/1vEUuhSVTclv0umufKE3DSZmEZ1T4ul86qI74gH/NAgz4XCx3xMPd7Ts4nEP1kMudZyi6GTMwAJW2ECZLeHw==",
      "license": "MIT",
      "dependencies": {
        "lodash": "^4.17.20"
      },
      "bin": {
        "mdb": "index.js"
      }
    },
    "node_modules/lodash": {
      "version": "4.17.21",
      "resolved": "https://registry.npmjs.org/lodash/-/lodash-4.17.21.tgz",
      "integrity": "sha512-v2kDEe57lecTulaDIuNTPy3Ry4gLGJ6Z1O3vE1krgXZNrsQ+LFTGHVxVjcXPs17LhbZVGedAJv8XZ1tvj5FvSg==",
      "license": "MIT"
    },
    "node_modules/module-a": {
      "resolved": "packages/module-a",
      "link": true
    },
    "node_modules/module-b": {
      "resolved": "packages/module-b",
      "link": true
    },
    "node_modules/react": {
      "version": "19.2.3",
      "resolved": "https://registry.npmjs.org/react/-/react-19.2.3.tgz",
      "integrity": "sha512-Ku/hhYbVjOQnXDZFv2+RibmLFGwFdeeKHFcOTlrt7xplBnya5OGn/hIRDsqDiSUcfORsDC7MPxwork8jBwsIWA==",
      "dev": true,
      "license": "MIT",
      "engines": {
        "node": ">=0.10.0"
      }
    },
    "packages/module-a": {
      "version": "1.0.0",
      "license": "MIT",
      "dependencies": {
        "@monorepo-beginners/module-b": "^1.0.0"
      },
      "devDependencies": {
        "react": "^19.2.3"
      }
    },
    "packages/module-b": {
      "version": "1.0.0",
      "license": "MIT",
      "bin": {
        "mdb": "index.js"
      }
    }
  }
}
